
Microsoft Visual Studio Solution File, Format Version 12.00
# Visual Studio Version 16
VisualStudioVersion = 16.0.29326.143
MinimumVisualStudioVersion = 10.0.40219.1
Project("{FAE04EC0-301F-11D3-BF4B-00C04F79EFBC}") = "oop1", "oop1\oop1.csproj", "{417981C2-0BD2-474E-B589-AE31F499394E}"
EndProject
Project("{FAE04EC0-301F-11D3-BF4B-00C04F79EFBC}") = "DeflateCompressor", "oop1\DeflateCompressor\DeflateCompressor.csproj", "{7F573773-92DF-4819-9A2B-712897A0FCA8}"
EndProject
Project("{FAE04EC0-301F-11D3-BF4B-00C04F79EFBC}") = "GZipCompressor", "oop1\GZipCompressor\GZipCompressor.csproj", "{82BC6B64-EB2B-459C-8D2E-71511BAF39E4}"
EndProject
Global
	GlobalSection(SolutionConfigurationPlatforms) = preSolution
		Debug|Any CPU = Debug|Any CPU
		Release|Any CPU = Release|Any CPU
	EndGlobalSection
	GlobalSection(ProjectConfigurationPlatforms) = postSolution
		{417981C2-0BD2-474E-B589-AE31F499394E}.Debug|Any CPU.ActiveCfg = Debug|Any CPU
		{417981C2-0BD2-474E-B589-AE31F499394E}.Debug|Any CPU.Build.0 = Debug|Any CPU
		{417981C2-0BD2-474E-B589-AE31F499394E}.Release|Any CPU.ActiveCfg = Release|Any CPU
		{417981C2-0BD2-474E-B589-AE31F499394E}.Release|Any CPU.Build.0 = Release|Any CPU
		{7F573773-92DF-4819-9A2B-712897A0FCA8}.Debug|Any CPU.ActiveCfg = Debug|Any CPU
		{7F573773-92DF-4819-9A2B-712897A0FCA8}.Debug|Any CPU.Build.0 = Debug|Any CPU
		{7F573773-92DF-4819-9A2B-712897A0FCA8}.Release|Any CPU.ActiveCfg = Release|Any CPU
		{7F573773-92DF-4819-9A2B-712897A0FCA8}.Release|Any CPU.Build.0 = Release|Any CPU
		{82BC6B64-EB2B-459C-8D2E-71511BAF39E4}.Debug|Any CPU.ActiveCfg = Debug|Any CPU
		{82BC6B64-EB2B-459C-8D2E-71511BAF39E4}.Debug|Any CPU.Build.0 = Debug|Any CPU
		{82BC6B64-EB2B-459C-8D2E-71511BAF39E4}.Release|Any CPU.ActiveCfg = Release|Any CPU
		{82BC6B64-EB2B-459C-8D2E-71511BAF39E4}.Release|Any CPU.Build.0 = Release|Any CPU
	EndGlobalSection
	GlobalSection(SolutionProperties) = preSolution
		HideSolutionNode = FALSE
	EndGlobalSection
	GlobalSection(ExtensibilityGlobals) = postSolution
		SolutionGuid = {15C48BEA-17EA-4061-A2B4-59E93EA93A34}
	EndGlobalSection
EndGlobal
